
Microsoft Visual Studio Solution File, Format Version 12.00
# Visual Studio Version 16
VisualStudioVersion = 16.0.32228.343
MinimumVisualStudioVersion = 10.0.40219.1
Project("{FAE04EC0-301F-11D3-BF4B-00C04F79EFBC}") = "PlaycanvasDownloader", "PlaycanvasDownloader.csproj", "{1FB0D375-5A5C-4E9A-8E54-D51697BE4F6B}"
EndProject
Global
	GlobalSection(SolutionConfigurationPlatforms) = preSolution
		Debug|Any CPU = Debug|Any CPU
		Release|Any CPU = Release|Any CPU
	EndGlobalSection
	GlobalSection(ProjectConfigurationPlatforms) = postSolution
		{1FB0D375-5A5C-4E9A-8E54-D51697BE4F6B}.Debug|Any CPU.ActiveCfg = Debug|Any CPU
		{1FB0D375-5A5C-4E9A-8E54-D51697BE4F6B}.Debug|Any CPU.Build.0 = Debug|Any CPU
		{1FB0D375-5A5C-4E9A-8E54-D51697BE4F6B}.Release|Any CPU.ActiveCfg = Release|Any CPU
		{1FB0D375-5A5C-4E9A-8E54-D51697BE4F6B}.Release|Any CPU.Build.0 = Release|Any CPU
	EndGlobalSection
	GlobalSection(SolutionProperties) = preSolution
		HideSolutionNode = FALSE
	EndGlobalSection
	GlobalSection(ExtensibilityGlobals) = postSolution
		SolutionGuid = {29617A4E-1F46-4F18-9B9A-F08089B26184}
	EndGlobalSection
EndGlobal
