
Microsoft Visual Studio Solution File, Format Version 12.00
# Visual Studio Version 16
VisualStudioVersion = 25.0.1704.3
MinimumVisualStudioVersion = 10.0.40219.1
Project("{FAE04EC0-301F-11D3-BF4B-00C04F79EFBC}") = "provably_fair", "provably_fair.csproj", "{05A8D5C8-0510-47EE-9F64-006C2A964EE2}"
EndProject
Global
	GlobalSection(SolutionConfigurationPlatforms) = preSolution
		Debug|Any CPU = Debug|Any CPU
		Release|Any CPU = Release|Any CPU
	EndGlobalSection
	GlobalSection(ProjectConfigurationPlatforms) = postSolution
		{05A8D5C8-0510-47EE-9F64-006C2A964EE2}.Debug|Any CPU.ActiveCfg = Debug|Any CPU
		{05A8D5C8-0510-47EE-9F64-006C2A964EE2}.Debug|Any CPU.Build.0 = Debug|Any CPU
		{05A8D5C8-0510-47EE-9F64-006C2A964EE2}.Release|Any CPU.ActiveCfg = Release|Any CPU
		{05A8D5C8-0510-47EE-9F64-006C2A964EE2}.Release|Any CPU.Build.0 = Release|Any CPU
	EndGlobalSection
	GlobalSection(SolutionProperties) = preSolution
		HideSolutionNode = FALSE
	EndGlobalSection
	GlobalSection(ExtensibilityGlobals) = postSolution
		SolutionGuid = {94BCF402-2237-4C11-8673-A3C891CD25BC}
	EndGlobalSection
EndGlobal
